version: 1
checksums:
  55dc377b5e931bfc64e4add83e35d9ea:
    hero/title: 0f4945732b568b0dfe3cb8d89c7da4a5
    hero/subtitle: fa5472589b955a1046a2da41ce939883
    hero/cta: 1d49a231c2f3fe8f1fd3997a9e74fdef
    features/privacy: 4fefa14723c8fb8080ba66b621e41456
    features/security: 327aa6ab1261880e719e58e5b2b6833a
    features/integration: 62e01e868dd26271b9965e47706f2c40
    navigation/home: 104a3db3b671c04e167eafbe21e57881
    navigation/products: a003449ecbde6b7a73044f46ea6bbe75
    navigation/solutions: 0e125552d869df1516af958c7f743a92
    navigation/company: 9e36d11fa82d1bd4563eef2abc4fcfba
    navigation/contact: 9afa39bc47019ee6dec6c74b6273967c
  4991aa8429269ace7ecda488336f83aa:
    app/name: a7cdcefefcfd12cf528dbaf3b7dc9f87
    app/tagline: 868e9ac6cd3fd6f5448fea3bb9f7638f
    app/title: 90fddfee45071cfa81a124aaa9a48e77
    app/description: 685021222b2a5e198fc400784f0344c6
    navigation/developers: ff5d5b628f04a42cf4548929937918cd
    navigation/products: a003449ecbde6b7a73044f46ea6bbe75
    navigation/industries: 75b153c9f2ce4fe357b248da5f9ce12b
    navigation/services: 8ea10b45b9abab2a3bfc3c07e1c9cdc6
    navigation/contact: 9afa39bc47019ee6dec6c74b6273967c
    navigation/home: 104a3db3b671c04e167eafbe21e57881
    navigation/login: f4f219abeb5a465ecb1c7efaf50246de
    navigation/signup: b93c47605f5a1b606ede6909e3276974
    navigation/subscribe: 5107e4c6230f58346b3af3061a57cfb8
    navigation/features: 341ff316a339b106a178f0b8d362951b
    navigation/ecosystem: 658eaa5606ed3246ed4d36c6a719f65d
    navigation/pricing: ce27f1aeacccc542a174c4b2bce022b0
    navigation/testimonials: e958aa3d3743031e2cbfbfd8f1e381f6
    navigation/get_started: 1d5f030c4ec9c869e647ae060518b948
    navigation/select_language: d75cf5fbce8a4c7a9055e2210af74480
    hero/badge: 50889319e30f17e8c2668bb2435128d6
    hero/title: 30bcb5ed0f6b5fdf4395bb4e299a0130
    hero/subtitle: 685021222b2a5e198fc400784f0344c6
    hero/cta_primary: 92f619eecf440915227d44c0c1a4619e
    hero/cta_secondary: f4f219abeb5a465ecb1c7efaf50246de
    sse/title: 24702fe049a739305c2f13141d122563
    sse/subtitle: 5e5a8430a2a650b0ac0bfb785f005d8d
    sse/footer: a83089bc2b5cd710627f6451422cde33
    products/vortexcore_ai/name: 1ccfa8e3fc3438303278a670297646cd
    products/vortexcore_ai/description: 7e1cc03fda9edb01ad2c5ebaedf32e9e
    products/vortexcomply/name: 4c3f43df33a028a02103a1a9d63254f7
    products/vortexcomply/description: 90db950685fcd5dc72913e80d8b7094e
    products/vortexrisk/name: dafeb6ee92d3b4cf504c8c54d32081d5
    products/vortexrisk/description: b1951498372fe213399d2ee97681030c
    products/vortexshield/name: b38b6080fe21a3b360e40124da3b6fd7
    products/vortexshield/description: 3ee2910605972deea478df151132152a
    products/vortexiq/name: 2318c9a76477aa512882b98dd76ae7fe
    products/vortexiq/description: f131d93c5b358e92c6bf0f7f2e65b131
    products/vortexpay/name: 3efcd3d6c62f406ab31130b3262ceba0
    products/vortexpay/description: 609584c51c5014410bea3378193eb995
    products/bizgenie/name: 0c80602f94b34134c625eec76fc5e5f4
    products/bizgenie/description: 315f5bb3859b8472035cf18a0b9be766
    industries/title: 768f0d8f20733e9154b6c297c54a7c80
    industries/subtitle: aa13600f9645ecd51d09a81f1fa0ec01
    industries/financial_services/name: 48bb5b37747b3d51ac7c97273f0b1d17
    industries/financial_services/hero: 3902aad7e537f788b169211ad2e7cd16
    industries/financial_services/description: 9dd9f1b993cd0dabd7e7461bb78d2715
    industries/smes/name: 6f8a3e44d08ba5e5950249c448b7b507
    industries/smes/hero: f8ae572d584efb53906792f6dad6bc52
    industries/smes/description: 37846deb3de385c9568ad093be44d8fe
    industries/ecommerce/name: af6263dda7f3d18b91e271ef5d1dac3a
    industries/ecommerce/hero: 3f4509ea17bfb28d7dfa698f937e8255
    industries/ecommerce/description: 78ac71eb98c3e65c2302685f0ceda142
    industries/education/name: 1d665434a064b431a7c0f59a9c4d1544
    industries/education/hero: 503450a2aa739825caa1a62097183870
    industries/education/description: e2d4e97a06ae202e06d58cad038c088a
    industries/logistics/name: 6395f9f05e8472895be405596bda52f6
    industries/logistics/hero: b3c0517d009b8dddef78128eda5a7b37
    industries/logistics/description: 5338589ea749ea1d4a8f124dd8714b3e
    industries/real_estate/name: 839dce272139dba104f7846bba32c4e4
    industries/real_estate/hero: 7c6945d4ae7062623bd2278c95e7411f
    industries/real_estate/description: b6e708ce0c61f34523b6e0c0db2e5796
    industries/public_sector/name: 8d8f5a0e40f91770104c5986023aae21
    industries/public_sector/hero: 4f959261d967ad8f0ce080183bbef2a5
    industries/public_sector/description: 1043803086554eaeeee1fac6ac3f52a5
    industries/value_props: 1909d4e3cb14a885f2c537ec0f05c430
    industries/learn_more: 1d49a231c2f3fe8f1fd3997a9e74fdef
    industries/cta_title: d1475485b8d8f3c0ee691006dca3706e
    industries/cta_subtitle: 5e07fa8824dacf33f049fe92522d4205
    industries/cta_primary: 1294d5d107bb2eb96d35b0d13a46d79e
    industries/cta_secondary: 06d03648b3747ebb90c2859a49a0d320
    vision/title: fcd7088897b8e6cb3209a4df825bccf5
    vision/points/0: 339c0a505eed214307b75c05211e4d7c
    vision/points/1: ca508b9b3b53adb3e52254bee197f56b
    vision/points/2: b56d37e3e70c9ea426b2eca80ea114bf
    vision/description: 53ed5944a8f81b68add9927aa8813ef4
    ecosystem/title: 14f443a5157e50d0e982b405d5d14b8f
    ecosystem/subtitle: 87d34052656819c8b3ebf9cdb3984e5d
    platform_services/title: 8291486aa490dc6d360698c975db7250
    platform_services/badge: c8a19ce92606d516b6022bc2fc8f5fdb
    platform_services/subtitle: a6f66467f083bc7195e1ae5bceeb7129
    platform_services/memory_service/title: 0a3890b8141042e6e209de90ef98a755
    platform_services/memory_service/description: fb60b2342689870c8fb4172c23b5f0ad
    platform_services/memory_service/dashboard: f90d27178374c89dff0ace431074de16
    platform_services/memory_service/api: 13ff09403397280e8e44c21b329f9078
    platform_services/memory_service/cta: ec434297cffd4d092e4321357328c871
    platform_services/cli_tool/title: ceb4235dab57efcc8340bbf6bb402919
    platform_services/cli_tool/description: 86e0a3e37396dc5b53a1b9467f251e63
    platform_services/cli_tool/cta: 2a53e41348ff7765dcb43a2c8193bb38
    platform_services/sdk/title: 035aadba718c0e32ca9806cefceadde3
    platform_services/sdk/description: e3800881764766a3ba2d8ba6bc360b05
    platform_services/sdk/cta: f32a34ff3ad0b25978c19c294556cab9
    platform_services/api_keys/title: 508a1187b884e2901405cb64703b8960
    platform_services/api_keys/description: d6838fc0f1a3a1537699140c36905623
    platform_services/api_keys/zero_trust: 773f751216429d304e2422ffb2ad626f
    platform_services/api_keys/mcp_support: 4cb101fc2fefbebdd293cdc1926991cb
    platform_services/api_keys/cta: 545c5e6b660cf82e05456df0770f2011
    platform_services/developer_portal/title: da92aa3f1d93df7f80cefc0cbc5da8e3
    platform_services/developer_portal/description: 6b987f49dc1c90fa0078df47ffb5f996
    platform_services/developer_portal/cta: 29401e990d0f5067547461d45bdc456f
    platform_services/community/title: aa83f4456d11185e5e72dba3260bf00b
    platform_services/community/description: 7644db4b12ab2e0f2d2fc40ba5a9a76d
    platform_services/get_started_title: 5476c30aeb582ba0951c3ac8fa44d125
    platform_services/view_documentation: 8075164dd7bef50e32ec7df3590b2718
    platform_services/sign_up_free: b93c47605f5a1b606ede6909e3276974
    hero_section/transforming: c51532283d8c37611627094db613fa0b
    hero_section/africas_tech: 997fb198e6f2ded6db3f1fee5cb2ba43
    hero_section/ecosystem: 658eaa5606ed3246ed4d36c6a719f65d
    hero_section/tagline: 666a0284f4593d06b67637ce7e196d48
    hero_section/description: 4e2d9a2fd3bc47ed1216e7fbbf71368c
    hero_section/features/vortexcore_ai: 0c1162c0988ccc67377ad57524cf60cf
    hero_section/features/compliance_tech: 0a2f128f128230cfd7ea079769faa78d
    hero_section/features/financial_services: 1098712822ae8fe4f3efd94bb8e9d52a
    hero_section/features/digital_ecosystem: aeff5e6420cd865225f7666146357330
    hero_section/explore_platform: d08a9b4adff0fe8aab6ed54f4af3015f
    hero_section/learn_more: 1d49a231c2f3fe8f1fd3997a9e74fdef
    hero_section/stats/african_markets: 928a3cac125fdae9d69a52ba4a510940
    hero_section/stats/transactions_processed: 19a2dd09980966617bdeb8556c10d1a8
    hero_section/stats/uptime_guarantee: 22754474431a02788cf83dbd664c8a2c
    footer/company_description: 795687a038b0e2fff373c449d8c662ab
    footer/platform_section: c68862170146325333c7f25af11a3fa2
    footer/resources_section: ec7fb05ed963bb6781a35782b3475502
    footer/social_links/linkedin: f29b78f253094277c2e9ef79d10b5e4f
    footer/social_links/twitter: ba3d4aed69a50759b53a0b7c319a3ad9
    footer/social_links/github: 6e1cf3c00fa6fbe24afcc78ea3b5f3e4
    footer/platform_links/vortexcore_ai: 1ccfa8e3fc3438303278a670297646cd
    footer/platform_links/vortexpay: 3efcd3d6c62f406ab31130b3262ceba0
    footer/platform_links/bizgenie: 0c80602f94b34134c625eec76fc5e5f4
    footer/platform_links/api_gateway: fc0be440406ddc0e690b5041333ac69d
    footer/resource_links/documentation: 1563fcb5ddb5037b0709ccd3dd384a92
    footer/resource_links/dashboard: c9380ea68c8c76ea451bd9613329a07c
    footer/resource_links/support: 55aab5fd0f31a9cb055a2edeeedfaf63
    footer/resource_links/contact: 9afa39bc47019ee6dec6c74b6273967c
    footer/copyright: 7faecc73093512776974de5e77ed990b
    pricing/plans: 1cd6c0bf8f554aeffa8b6f240125d255
    pricing/tiers/starter/name: d57ceb9ca36fb941537a29beddee5026
    pricing/tiers/starter/description: 98cd33458eb090517375e4e93e64ad20
    pricing/tiers/starter/features/0: ed307cfc52d862dc4253ec59221df5c0
    pricing/tiers/starter/features/1: 4656477a79a384b0538bb407a62e30f5
    pricing/tiers/starter/features/2: 3b41595b915ff7033f37623c1548d922
    pricing/tiers/pro/name: 682b3c9feab30112b4454cb5bb7974b1
    pricing/tiers/pro/description: 4549ce6447d83f90693d038012bdff0a
    pricing/tiers/pro/features/0: 966f8f30c70d90026d5e127b276f8886
    pricing/tiers/pro/features/1: b73b1b6ec747f4c2f9cfcca9e883527d
    pricing/tiers/pro/features/2: 3e69c631b9631e304e23e638b74e24dc
    pricing/tiers/pro/badge: 794d089f06d8ac43ef688cc6f4543418
    pricing/tiers/enterprise/name: c70474271708e5b27392fde87462fa26
    pricing/tiers/enterprise/description: 46c742ae0b661f1d0a1a928dc12197af
    pricing/tiers/enterprise/features/0: acd13f6383df7ed125ba254bc477fd0b
    pricing/tiers/enterprise/features/1: 495c7a3ececd1b38b109091a415bf7d7
    pricing/tiers/enterprise/features/2: 8c6d03728c3d9470616eb5cee5f9f65d
    testimonials/items/0/name: e639538121e22eb7b15aeeeebc210a0a
    testimonials/items/0/profession: 942b1d5e038c9ba0907934bd6da83282
    testimonials/items/0/description: 3dc20acf94aa4044da94c65b7880a07a
    testimonials/items/1/name: a0d403df0128c628ccf6064233e4600f
    testimonials/items/1/profession: fdd96eaca01b90ca98704095aa2835d9
    testimonials/items/1/description: 7db004ebda0d6169f9ed836ac3dbf832
    testimonials/items/2/name: cbdb2f1ca1d7d266eaa53eb90e8f8b9b
    testimonials/items/2/profession: 382be21d982f2090aca6077da797eed0
    testimonials/items/2/description: 4093486124d8405b3b0baf5e209183e9
    testimonials/items/3/name: aed164f012ff8878595bd358c15b85fe
    testimonials/items/3/profession: 6eb0436c3b2ef1016083f86603d6b08e
    testimonials/items/3/description: 5b4543f5b323fac955635175684625b4
    display_cards/vortexcore_ai/title: 1ccfa8e3fc3438303278a670297646cd
    display_cards/vortexcore_ai/description: a99810d4aa6c9316dd7acd2890a50ede
    display_cards/vortexcore_ai/status: 77a9c14fc9762e0e058e9b5ae04c8d15
    display_cards/vortexpay/title: 3efcd3d6c62f406ab31130b3262ceba0
    display_cards/vortexpay/description: 48d05f571f07e97070fa06b803b24f64
    display_cards/vortexpay/status: 3e1ec025c4a50830bbb9ad57a176630a
    display_cards/bizgenie/title: 0c80602f94b34134c625eec76fc5e5f4
    display_cards/bizgenie/description: 99b860b52b289f583ef245e3c4f4b2b1
    display_cards/bizgenie/status: 1d1b9fc4ccb11143e31e65f833b07b5d
    partners/section_title: 2bbdc0abd9df82c9045fc656ba71d22a
    partners/section_subtitle: 64ea8e9b8952fead704cfc3121f51236
    partners/financial_institutions: 34037c868c82bdd5a95de60b750e845d
    partners/technology_partners: 51c5d2b1e090cb4882a4cc942ec0ac25
    partners/financial/ecobank: c7f2d0cc0301eddd200fd33ef22ab68d
    partners/financial/first_bank: 67d3decc582af3fee4e191bbb4487b15
    partners/financial/standard_chartered: c5960fbcdad53871d879d8f6627bbc4e
    partners/financial/mtn: 4c3e2315b237ae39bcd2d661f2f39f42
    partners/financial/access_bank: 55922000eb48a576f499e878a4653d45
    partners/financial/safaricom: c6a2beb669c2b52acdc6bc905e0a4cb0
    partners/financial/gtbank: 7dbf903ad1c9aa3b18092a3085704ee0
    partners/financial/absa: 48bf3eddf9bbba88d983b680f22f6f80
    partners/tech/stripe: c35bb85d9507094c0fea7e0dc04b3d72
    partners/tech/paypal: 7c2afc3dd4d76fbaf02c11d45182d7d5
    partners/tech/openai: 386a12cfe55562a8e181c9bfcac6b156
    partners/tech/supabase: 97e0286c2825524efb93ba79d0ff0b48
    partners/tech/github: 6e1cf3c00fa6fbe24afcc78ea3b5f3e4
    partners/tech/vercel: 5884399af18540f66c44712e477d7db7
    partners/tech/anthropic: cef2eed0c62f6a7dc0fe0df652bfb162
    partners/tech/aws: 773c914c685b7a5990a96ad35471dbdf
    partners/tech/azure: 73bcc015a53c32d03390f57170ef5819
    partners/tech/slack: 7b7b808a136ce10b6199c504e81fb902
    partners/tech/notion: da404344dabd8904725c8f95d61a82d5
    partners/tech/figma: 30c4632ef1fd6ab619ee41404b2033cb
    timeline/innovation_award/title: be7e9bc08cabe48bc57057f12a15d88d
    timeline/innovation_award/description: f88fa3e3835421a013cab5707f5ab798
    mcp_connection/title: 208d4645e6155dfa43dec16aa5bd6f27
    mcp_connection/subtitle: f285c582cd23cfa16ad0abefd37d941e
    mcp_connection/step1_title: 90ca75063c084a64689a1eed3b1a55a2
    mcp_connection/step1_description: a1e1e815d90e616888a8676f5cce2d94
    mcp_connection/get_api_key: ed136b95004700d52341733408d240da
    mcp_connection/step2_title: 2ab89d5e0e56bd84dde0d03c18857e53
    mcp_connection/api_key_label: 2081f07e55dbaabb2d57b6257b674d66
    mcp_connection/api_key_placeholder: 7d528d832d40f5374c0a2555487bd011
    mcp_connection/test_connection: 0938466ff18038db7a204d77bce36289
    mcp_connection/testing: 7a6beb964650a7700245f5da377b942a
    mcp_connection/connection_successful: bb3f74c98ae7266970492ffea8a0b9a5
    mcp_connection/invalid_api_key: b8af2692cb5b83642b5f9dd58f056d87
    mcp_connection/connection_failed: 545b27de332ad1dbe0cf86160b156f63
    mcp_connection/connection_error: a183800241fb99c504eb91d82c073c99
    mcp_connection/not_connected: 256885d68103895aa675677254fe6cad
    mcp_connection/testing_connection: 52356a4545d916cbca8691719588efd0
    mcp_connection/enter_api_key: 15bdb0390b157b7819b743a11c34ede3
    mcp_connection/step3_title: c2148be70127bbc7c2211f6251fb9225
    mcp_connection/step3_description: 19ed664278de42b8465253354311f8ef
    mcp_connection/copy_configuration: 6512da2d188e7e5be9cd79ebf11968b3
    mcp_connection/show_instructions: b0ecfabc1c1a96e7518a89c8ac243525
    mcp_connection/hide_instructions: 8714c40d94ac2a19895647c2d6267230
    mcp_connection/detailed_instructions_title: cc11a1b0fd1e7b5f5a58b01d6df80c3f
    mcp_connection/claude_desktop_setup: b44f2443009a910afe3d40c7d42682a4
    mcp_connection/cursor_setup: d6fea673a8bbcbe139ef723c5b4b8cf7
    mcp_connection/available_tools: 095672786dfa6edb2f0987ae812e0cc4
    mcp_connection/need_help_title: 186a199096d63a0b65c2b532b105c564
    mcp_connection/need_help_description: b3b083548b2a96cc4e74a6a7014a6e69
    mcp_connection/documentation: 82616873bad212fc7d696e5efc21d51d
    mcp_connection/contact_support: 36499a265f0c737e3dcb8da6016b7d9e
    mcp_connection/config_copied: f4e11a353057a4e5af92b900af856a7a
    mcp_connection/copy_failed: de836a7d628d36c832809252f188f784
    mcp_connection/claude_steps/0: baa5e84f8a83e90189eae2b753058c54
    mcp_connection/claude_steps/1: 0ba945540d361e3a81ce36e773c84289
    mcp_connection/claude_steps/2: ce3f1e550ffbd5d0de373c623dccb3db
    mcp_connection/claude_steps/3: ab31675a0c9ef3975de9e7014c9f1bd1
    mcp_connection/claude_steps/4: a9f516e526474c7c3dce2aa733ab0c00
    mcp_connection/cursor_steps/0: 72af0fd046d4605108c831270346b8b4
    mcp_connection/cursor_steps/1: afa0274d473692a76d6949d206d2c65a
    mcp_connection/cursor_steps/2: 19b0220e8d10733115aa3b9d6efe98ef
    mcp_connection/mcp_tools/0: 3ee12902f2f5e87d402f26c3ac577c46
    mcp_connection/mcp_tools/1: 82ba51931e7457f1fe087c599567a97f
    mcp_connection/mcp_tools/2: 2a4e77bbd08048615fbbed7e6f9f6fbe
    mcp_connection/mcp_tools/3: 1a808e8546247d42e24ddd75a528a26f
    mcp_connection/mcp_tools/4: 50f8f52dd289b5cb02e3845d7b950fe7
    mcp_connection/mcp_tools/5: 45edb75804d3be609cd22c6f9e7c0933
